
Microsoft Visual Studio Solution File, Format Version 12.00
# Visual Studio Version 17
VisualStudioVersion = 17.9.34728.123
MinimumVisualStudioVersion = 10.0.40219.1
Project("{2150E333-8FDC-42A3-9474-1A3956D46DE8}") = "exercises", "exercises", "{88A37621-FC24-487D-B4DF-7436B942E71C}"
EndProject
Project("{2150E333-8FDC-42A3-9474-1A3956D46DE8}") = "tests", "tests", "{B0B3FF65-244A-4A0B-8B30-94B3980626A7}"
EndProject
Project("{FAE04EC0-301F-11D3-BF4B-00C04F79EFBC}") = "FloatingPointNumbers", "exercises\FloatingPointNumbers\FloatingPointNumbers.csproj", "{66E08058-7A96-4712-A2AD-7F1081137410}"
EndProject
Global
	GlobalSection(SolutionConfigurationPlatforms) = preSolution
		Debug|Any CPU = Debug|Any CPU
		Release|Any CPU = Release|Any CPU
	EndGlobalSection
	GlobalSection(ProjectConfigurationPlatforms) = postSolution
		{66E08058-7A96-4712-A2AD-7F1081137410}.Debug|Any CPU.ActiveCfg = Debug|Any CPU
		{66E08058-7A96-4712-A2AD-7F1081137410}.Debug|Any CPU.Build.0 = Debug|Any CPU
		{66E08058-7A96-4712-A2AD-7F1081137410}.Release|Any CPU.ActiveCfg = Release|Any CPU
		{66E08058-7A96-4712-A2AD-7F1081137410}.Release|Any CPU.Build.0 = Release|Any CPU
	EndGlobalSection
	GlobalSection(SolutionProperties) = preSolution
		HideSolutionNode = FALSE
	EndGlobalSection
	GlobalSection(NestedProjects) = preSolution
		{66E08058-7A96-4712-A2AD-7F1081137410} = {88A37621-FC24-487D-B4DF-7436B942E71C}
	EndGlobalSection
	GlobalSection(ExtensibilityGlobals) = postSolution
		SolutionGuid = {D522386B-C14C-4E42-8922-56B3455F3732}
	EndGlobalSection
EndGlobal
